
Microsoft Visual Studio Solution File, Format Version 12.00
# Visual Studio Version 17
VisualStudioVersion = 17.10.34916.146
MinimumVisualStudioVersion = 10.0.40219.1
Project("{FAE04EC0-301F-11D3-BF4B-00C04F79EFBC}") = "PM2EXAMEN7669", "PM2EXAMEN7669.csproj", "{D8F01765-3C54-4AFC-8D2D-94F8FC49E7EB}"
EndProject
Global
	GlobalSection(SolutionConfigurationPlatforms) = preSolution
		Debug|Any CPU = Debug|Any CPU
		Release|Any CPU = Release|Any CPU
	EndGlobalSection
	GlobalSection(ProjectConfigurationPlatforms) = postSolution
		{D8F01765-3C54-4AFC-8D2D-94F8FC49E7EB}.Debug|Any CPU.ActiveCfg = Debug|Any CPU
		{D8F01765-3C54-4AFC-8D2D-94F8FC49E7EB}.Debug|Any CPU.Build.0 = Debug|Any CPU
		{D8F01765-3C54-4AFC-8D2D-94F8FC49E7EB}.Debug|Any CPU.Deploy.0 = Debug|Any CPU
		{D8F01765-3C54-4AFC-8D2D-94F8FC49E7EB}.Release|Any CPU.ActiveCfg = Release|Any CPU
		{D8F01765-3C54-4AFC-8D2D-94F8FC49E7EB}.Release|Any CPU.Build.0 = Release|Any CPU
		{D8F01765-3C54-4AFC-8D2D-94F8FC49E7EB}.Release|Any CPU.Deploy.0 = Release|Any CPU
	EndGlobalSection
	GlobalSection(SolutionProperties) = preSolution
		HideSolutionNode = FALSE
	EndGlobalSection
	GlobalSection(ExtensibilityGlobals) = postSolution
		SolutionGuid = {4F8858E1-E8EB-40C9-B915-23AC4FBC2C6F}
	EndGlobalSection
EndGlobal
